// !$*UTF8*$!
{
	archiveVersion = 1;
	classes = {
	};
	objectVersion = 46;
	objects = {

/* Begin PBXBuildFile section */
		49B7147418CCF414001051F4 /* Foundation.framework in Frameworks */ = {isa = PBXBuildFile; fileRef = 49B7147318CCF414001051F4 /* Foundation.framework */; };
		49B7147618CCF414001051F4 /* CoreGraphics.framework in Frameworks */ = {isa = PBXBuildFile; fileRef = 49B7147518CCF414001051F4 /* CoreGraphics.framework */; };
		49B7147818CCF414001051F4 /* UIKit.framework in Frameworks */ = {isa = PBXBuildFile; fileRef = 49B7147718CCF414001051F4 /* UIKit.framework */; };
		49B7147A18CCF414001051F4 /* SpriteKit.framework in Frameworks */ = {isa = PBXBuildFile; fileRef = 49B7147918CCF414001051F4 /* SpriteKit.framework */; };
		49B7148018CCF414001051F4 /* InfoPlist.strings in Resources */ = {isa = PBXBuildFile; fileRef = 49B7147E18CCF414001051F4 /* InfoPlist.strings */; };
		49B7148218CCF414001051F4 /* main.m in Sources */ = {isa = PBXBuildFile; fileRef = 49B7148118CCF414001051F4 /* main.m */; };
		49B7148618CCF414001051F4 /* AppDelegate.m in Sources */ = {isa = PBXBuildFile; fileRef = 49B7148518CCF414001051F4 /* AppDelegate.m */; };
		49B7148918CCF414001051F4 /* Main_iPhone.storyboard in Resources */ = {isa = PBXBuildFile; fileRef = 49B7148718CCF414001051F4 /* Main_iPhone.storyboard */; };
		49B7148C18CCF414001051F4 /* Main_iPad.storyboard in Resources */ = {isa = PBXBuildFile; fileRef = 49B7148A18CCF414001051F4 /* Main_iPad.storyboard */; };
		49B7148F18CCF414001051F4 /* ViewController.m in Sources */ = {isa = PBXBuildFile; fileRef = 49B7148E18CCF414001051F4 /* ViewController.m */; };
		49B7149218CCF414001051F4 /* MyScene.m in Sources */ = {isa = PBXBuildFile; fileRef = 49B7149118CCF414001051F4 /* MyScene.m */; };
		49B7149618CCF414001051F4 /* Images.xcassets in Resources */ = {isa = PBXBuildFile; fileRef = 49B7149518CCF414001051F4 /* Images.xcassets */; };
		49B7149D18CCF414001051F4 /* XCTest.framework in Frameworks */ = {isa = PBXBuildFile; fileRef = 49B7149C18CCF414001051F4 /* XCTest.framework */; };
		49B7149E18CCF414001051F4 /* Foundation.framework in Frameworks */ = {isa = PBXBuildFile; fileRef = 49B7147318CCF414001051F4 /* Foundation.framework */; };
		49B7149F18CCF414001051F4 /* UIKit.framework in Frameworks */ = {isa = PBXBuildFile; fileRef = 49B7147718CCF414001051F4 /* UIKit.framework */; };
		49B714A718CCF414001051F4 /* InfoPlist.strings in Resources */ = {isa = PBXBuildFile; fileRef = 49B714A518CCF414001051F4 /* InfoPlist.strings */; };
		49B714A918CCF414001051F4 /* MoveSonicOverTheScreenTests.m in Sources */ = {isa = PBXBuildFile; fileRef = 49B714A818CCF414001051F4 /* MoveSonicOverTheScreenTests.m */; };
		49B714B318CCF635001051F4 /* SuperSonic2.gif in Resources */ = {isa = PBXBuildFile; fileRef = 49B714B218CCF635001051F4 /* SuperSonic2.gif */; };
		49B714B518CCF641001051F4 /* Lista_Sprites.plist in Resources */ = {isa = PBXBuildFile; fileRef = 49B714B418CCF641001051F4 /* Lista_Sprites.plist */; };
/* End PBXBuildFile section */

/* Begin PBXContainerItemProxy section */
		49B714A018CCF414001051F4 /* PBXContainerItemProxy */ = {
			isa = PBXContainerItemProxy;
			containerPortal = 49B7146818CCF414001051F4 /* Project object */;
			proxyType = 1;
			remoteGlobalIDString = 49B7146F18CCF414001051F4;
			remoteInfo = MoveSonicOverTheScreen;
		};
/* End PBXContainerItemProxy section */

/* Begin PBXFileReference section */
		49B7147018CCF414001051F4 /* MoveSonicRotating.app */ = {isa = PBXFileReference; explicitFileType = wrapper.application; includeInIndex = 0; path = MoveSonicRotating.app; sourceTree = BUILT_PRODUCTS_DIR; };
		49B7147318CCF414001051F4 /* Foundation.framework */ = {isa = PBXFileReference; lastKnownFileType = wrapper.framework; name = Foundation.framework; path = System/Library/Frameworks/Foundation.framework; sourceTree = SDKROOT; };
		49B7147518CCF414001051F4 /* CoreGraphics.framework */ = {isa = PBXFileReference; lastKnownFileType = wrapper.framework; name = CoreGraphics.framework; path = System/Library/Frameworks/CoreGraphics.framework; sourceTree = SDKROOT; };
		49B7147718CCF414001051F4 /* UIKit.framework */ = {isa = PBXFileReference; lastKnownFileType = wrapper.framework; name = UIKit.framework; path = System/Library/Frameworks/UIKit.framework; sourceTree = SDKROOT; };
		49B7147918CCF414001051F4 /* SpriteKit.framework */ = {isa = PBXFileReference; lastKnownFileType = wrapper.framework; name = SpriteKit.framework; path = System/Library/Frameworks/SpriteKit.framework; sourceTree = SDKROOT; };
		49B7147D18CCF414001051F4 /* MoveSonicRotating-Info.plist */ = {isa = PBXFileReference; lastKnownFileType = text.plist.xml; path = "MoveSonicRotating-Info.plist"; sourceTree = "<group>"; };
		49B7147F18CCF414001051F4 /* en */ = {isa = PBXFileReference; lastKnownFileType = text.plist.strings; name = en; path = en.lproj/InfoPlist.strings; sourceTree = "<group>"; };
		49B7148118CCF414001051F4 /* main.m */ = {isa = PBXFileReference; lastKnownFileType = sourcecode.c.objc; path = main.m; sourceTree = "<group>"; };
		49B7148318CCF414001051F4 /* MoveSonicRotating-Prefix.pch */ = {isa = PBXFileReference; lastKnownFileType = sourcecode.c.h; path = "MoveSonicRotating-Prefix.pch"; sourceTree = "<group>"; };
		49B7148418CCF414001051F4 /* AppDelegate.h */ = {isa = PBXFileReference; lastKnownFileType = sourcecode.c.h; path = AppDelegate.h; sourceTree = "<group>"; };
		49B7148518CCF414001051F4 /* AppDelegate.m */ = {isa = PBXFileReference; lastKnownFileType = sourcecode.c.objc; path = AppDelegate.m; sourceTree = "<group>"; };
		49B7148818CCF414001051F4 /* Base */ = {isa = PBXFileReference; lastKnownFileType = file.storyboard; name = Base; path = Base.lproj/Main_iPhone.storyboard; sourceTree = "<group>"; };
		49B7148B18CCF414001051F4 /* Base */ = {isa = PBXFileReference; lastKnownFileType = file.storyboard; name = Base; path = Base.lproj/Main_iPad.storyboard; sourceTree = "<group>"; };
		49B7148D18CCF414001051F4 /* ViewController.h */ = {isa = PBXFileReference; lastKnownFileType = sourcecode.c.h; path = ViewController.h; sourceTree = "<group>"; };
		49B7148E18CCF414001051F4 /* ViewController.m */ = {isa = PBXFileReference; lastKnownFileType = sourcecode.c.objc; path = ViewController.m; sourceTree = "<group>"; };
		49B7149018CCF414001051F4 /* MyScene.h */ = {isa = PBXFileReference; lastKnownFileType = sourcecode.c.h; path = MyScene.h; sourceTree = "<group>"; };
		49B7149118CCF414001051F4 /* MyScene.m */ = {isa = PBXFileReference; lastKnownFileType = sourcecode.c.objc; path = MyScene.m; sourceTree = "<group>"; };
		49B7149518CCF414001051F4 /* Images.xcassets */ = {isa = PBXFileReference; lastKnownFileType = folder.assetcatalog; path = Images.xcassets; sourceTree = "<group>"; };
		49B7149B18CCF414001051F4 /* MoveSonicRotatingTests.xctest */ = {isa = PBXFileReference; explicitFileType = wrapper.cfbundle; includeInIndex = 0; path = MoveSonicRotatingTests.xctest; sourceTree = BUILT_PRODUCTS_DIR; };
		49B7149C18CCF414001051F4 /* XCTest.framework */ = {isa = PBXFileReference; lastKnownFileType = wrapper.framework; name = XCTest.framework; path = Library/Frameworks/XCTest.framework; sourceTree = DEVELOPER_DIR; };
		49B714A418CCF414001051F4 /* MoveSonicRotatingTests-Info.plist */ = {isa = PBXFileReference; lastKnownFileType = text.plist.xml; path = "MoveSonicRotatingTests-Info.plist"; sourceTree = "<group>"; };
		49B714A618CCF414001051F4 /* en */ = {isa = PBXFileReference; lastKnownFileType = text.plist.strings; name = en; path = en.lproj/InfoPlist.strings; sourceTree = "<group>"; };
		49B714A818CCF414001051F4 /* MoveSonicOverTheScreenTests.m */ = {isa = PBXFileReference; lastKnownFileType = sourcecode.c.objc; path = MoveSonicOverTheScreenTests.m; sourceTree = "<group>"; };
		49B714B218CCF635001051F4 /* SuperSonic2.gif */ = {isa = PBXFileReference; lastKnownFileType = image.gif; path = SuperSonic2.gif; sourceTree = "<group>"; };
		49B714B418CCF641001051F4 /* Lista_Sprites.plist */ = {isa = PBXFileReference; fileEncoding = 4; lastKnownFileType = text.plist.xml; path = Lista_Sprites.plist; sourceTree = "<group>"; };
/* End PBXFileReference section */

/* Begin PBXFrameworksBuildPhase section */
		49B7146D18CCF414001051F4 /* Frameworks */ = {
			isa = PBXFrameworksBuildPhase;
			buildActionMask = 2147483647;
			files = (
				49B7147618CCF414001051F4 /* CoreGraphics.framework in Frameworks */,
				49B7147818CCF414001051F4 /* UIKit.framework in Frameworks */,
				49B7147A18CCF414001051F4 /* SpriteKit.framework in Frameworks */,
				49B7147418CCF414001051F4 /* Foundation.framework in Frameworks */,
			);
			runOnlyForDeploymentPostprocessing = 0;
		};
		49B7149818CCF414001051F4 /* Frameworks */ = {
			isa = PBXFrameworksBuildPhase;
			buildActionMask = 2147483647;
			files = (
				49B7149D18CCF414001051F4 /* XCTest.framework in Frameworks */,
				49B7149F18CCF414001051F4 /* UIKit.framework in Frameworks */,
				49B7149E18CCF414001051F4 /* Foundation.framework in Frameworks */,
			);
			runOnlyForDeploymentPostprocessing = 0;
		};
/* End PBXFrameworksBuildPhase section */

/* Begin PBXGroup section */
		49B7146718CCF414001051F4 = {
			isa = PBXGroup;
			children = (
				49B7147B18CCF414001051F4 /* MoveSonicRotating */,
				49B714A218CCF414001051F4 /* MoveSonicRotatingTests */,
				49B7147218CCF414001051F4 /* Frameworks */,
				49B7147118CCF414001051F4 /* Products */,
			);
			sourceTree = "<group>";
		};
		49B7147118CCF414001051F4 /* Products */ = {
			isa = PBXGroup;
			children = (
				49B7147018CCF414001051F4 /* MoveSonicRotating.app */,
				49B7149B18CCF414001051F4 /* MoveSonicRotatingTests.xctest */,
			);
			name = Products;
			sourceTree = "<group>";
		};
		49B7147218CCF414001051F4 /* Frameworks */ = {
			isa = PBXGroup;
			children = (
				49B7147318CCF414001051F4 /* Foundation.framework */,
				49B7147518CCF414001051F4 /* CoreGraphics.framework */,
				49B7147718CCF414001051F4 /* UIKit.framework */,
				49B7147918CCF414001051F4 /* SpriteKit.framework */,
				49B7149C18CCF414001051F4 /* XCTest.framework */,
			);
			name = Frameworks;
			sourceTree = "<group>";
		};
		49B7147B18CCF414001051F4 /* MoveSonicRotating */ = {
			isa = PBXGroup;
			children = (
				49B714B418CCF641001051F4 /* Lista_Sprites.plist */,
				49B714B218CCF635001051F4 /* SuperSonic2.gif */,
				49B7148418CCF414001051F4 /* AppDelegate.h */,
				49B7148518CCF414001051F4 /* AppDelegate.m */,
				49B7148718CCF414001051F4 /* Main_iPhone.storyboard */,
				49B7148A18CCF414001051F4 /* Main_iPad.storyboard */,
				49B7148D18CCF414001051F4 /* ViewController.h */,
				49B7148E18CCF414001051F4 /* ViewController.m */,
				49B7149018CCF414001051F4 /* MyScene.h */,
				49B7149118CCF414001051F4 /* MyScene.m */,
				49B7149518CCF414001051F4 /* Images.xcassets */,
				49B7147C18CCF414001051F4 /* Supporting Files */,
			);
			name = MoveSonicRotating;
			path = MoveSonicOverTheScreen;
			sourceTree = "<group>";
		};
		49B7147C18CCF414001051F4 /* Supporting Files */ = {
			isa = PBXGroup;
			children = (
				49B7147D18CCF414001051F4 /* MoveSonicRotating-Info.plist */,
				49B7147E18CCF414001051F4 /* InfoPlist.strings */,
				49B7148118CCF414001051F4 /* main.m */,
				49B7148318CCF414001051F4 /* MoveSonicRotating-Prefix.pch */,
			);
			name = "Supporting Files";
			sourceTree = "<group>";
		};
		49B714A218CCF414001051F4 /* MoveSonicRotatingTests */ = {
			isa = PBXGroup;
			children = (
				49B714A818CCF414001051F4 /* MoveSonicOverTheScreenTests.m */,
				49B714A318CCF414001051F4 /* Supporting Files */,
			);
			name = MoveSonicRotatingTests;
			path = MoveSonicOverTheScreenTests;
			sourceTree = "<group>";
		};
		49B714A318CCF414001051F4 /* Supporting Files */ = {
			isa = PBXGroup;
			children = (
				49B714A418CCF414001051F4 /* MoveSonicRotatingTests-Info.plist */,
				49B714A518CCF414001051F4 /* InfoPlist.strings */,
			);
			name = "Supporting Files";
			sourceTree = "<group>";
		};
/* End PBXGroup section */

/* Begin PBXNativeTarget section */
		49B7146F18CCF414001051F4 /* MoveSonicRotating */ = {
			isa = PBXNativeTarget;
			buildConfigurationList = 49B714AC18CCF414001051F4 /* Build configuration list for PBXNativeTarget "MoveSonicRotating" */;
			buildPhases = (
				49B7146C18CCF414001051F4 /* Sources */,
				49B7146D18CCF414001051F4 /* Frameworks */,
				49B7146E18CCF414001051F4 /* Resources */,
			);
			buildRules = (
			);
			dependencies = (
			);
			name = MoveSonicRotating;
			productName = MoveSonicOverTheScreen;
			productReference = 49B7147018CCF414001051F4 /* MoveSonicRotating.app */;
			productType = "com.apple.product-type.application";
		};
		49B7149A18CCF414001051F4 /* MoveSonicRotatingTests */ = {
			isa = PBXNativeTarget;
			buildConfigurationList = 49B714AF18CCF414001051F4 /* Build configuration list for PBXNativeTarget "MoveSonicRotatingTests" */;
			buildPhases = (
				49B7149718CCF414001051F4 /* Sources */,
				49B7149818CCF414001051F4 /* Frameworks */,
				49B7149918CCF414001051F4 /* Resources */,
			);
			buildRules = (
			);
			dependencies = (
				49B714A118CCF414001051F4 /* PBXTargetDependency */,
			);
			name = MoveSonicRotatingTests;
			productName = MoveSonicOverTheScreenTests;
			productReference = 49B7149B18CCF414001051F4 /* MoveSonicRotatingTests.xctest */;
			productType = "com.apple.product-type.bundle.unit-test";
		};
/* End PBXNativeTarget section */

/* Begin PBXProject section */
		49B7146818CCF414001051F4 /* Project object */ = {
			isa = PBXProject;
			attributes = {
				LastUpgradeCheck = 0500;
				ORGANIZATIONNAME = Sergio;
				TargetAttributes = {
					49B7149A18CCF414001051F4 = {
						TestTargetID = 49B7146F18CCF414001051F4;
					};
				};
			};
			buildConfigurationList = 49B7146B18CCF414001051F4 /* Build configuration list for PBXProject "MoveSonicRotating" */;
			compatibilityVersion = "Xcode 3.2";
			developmentRegion = English;
			hasScannedForEncodings = 0;
			knownRegions = (
				en,
				Base,
			);
			mainGroup = 49B7146718CCF414001051F4;
			productRefGroup = 49B7147118CCF414001051F4 /* Products */;
			projectDirPath = "";
			projectRoot = "";
			targets = (
				49B7146F18CCF414001051F4 /* MoveSonicRotating */,
				49B7149A18CCF414001051F4 /* MoveSonicRotatingTests */,
			);
		};
/* End PBXProject section */

/* Begin PBXResourcesBuildPhase section */
		49B7146E18CCF414001051F4 /* Resources */ = {
			isa = PBXResourcesBuildPhase;
			buildActionMask = 2147483647;
			files = (
				49B7149618CCF414001051F4 /* Images.xcassets in Resources */,
				49B714B518CCF641001051F4 /* Lista_Sprites.plist in Resources */,
				49B7148C18CCF414001051F4 /* Main_iPad.storyboard in Resources */,
				49B7148918CCF414001051F4 /* Main_iPhone.storyboard in Resources */,
				49B714B318CCF635001051F4 /* SuperSonic2.gif in Resources */,
				49B7148018CCF414001051F4 /* InfoPlist.strings in Resources */,
			);
			runOnlyForDeploymentPostprocessing = 0;
		};
		49B7149918CCF414001051F4 /* Resources */ = {
			isa = PBXResourcesBuildPhase;
			buildActionMask = 2147483647;
			files = (
				49B714A718CCF414001051F4 /* InfoPlist.strings in Resources */,
			);
			runOnlyForDeploymentPostprocessing = 0;
		};
/* End PBXResourcesBuildPhase section */

/* Begin PBXSourcesBuildPhase section */
		49B7146C18CCF414001051F4 /* Sources */ = {
			isa = PBXSourcesBuildPhase;
			buildActionMask = 2147483647;
			files = (
				49B7149218CCF414001051F4 /* MyScene.m in Sources */,
				49B7148F18CCF414001051F4 /* ViewController.m in Sources */,
				49B7148618CCF414001051F4 /* AppDelegate.m in Sources */,
				49B7148218CCF414001051F4 /* main.m in Sources */,
			);
			runOnlyForDeploymentPostprocessing = 0;
		};
		49B7149718CCF414001051F4 /* Sources */ = {
			isa = PBXSourcesBuildPhase;
			buildActionMask = 2147483647;
			files = (
				49B714A918CCF414001051F4 /* MoveSonicOverTheScreenTests.m in Sources */,
			);
			runOnlyForDeploymentPostprocessing = 0;
		};
/* End PBXSourcesBuildPhase section */

/* Begin PBXTargetDependency section */
		49B714A118CCF414001051F4 /* PBXTargetDependency */ = {
			isa = PBXTargetDependency;
			target = 49B7146F18CCF414001051F4 /* MoveSonicRotating */;
			targetProxy = 49B714A018CCF414001051F4 /* PBXContainerItemProxy */;
		};
/* End PBXTargetDependency section */

/* Begin PBXVariantGroup section */
		49B7147E18CCF414001051F4 /* InfoPlist.strings */ = {
			isa = PBXVariantGroup;
			children = (
				49B7147F18CCF414001051F4 /* en */,
			);
			name = InfoPlist.strings;
			sourceTree = "<group>";
		};
		49B7148718CCF414001051F4 /* Main_iPhone.storyboard */ = {
			isa = PBXVariantGroup;
			children = (
				49B7148818CCF414001051F4 /* Base */,
			);
			name = Main_iPhone.storyboard;
			sourceTree = "<group>";
		};
		49B7148A18CCF414001051F4 /* Main_iPad.storyboard */ = {
			isa = PBXVariantGroup;
			children = (
				49B7148B18CCF414001051F4 /* Base */,
			);
			name = Main_iPad.storyboard;
			sourceTree = "<group>";
		};
		49B714A518CCF414001051F4 /* InfoPlist.strings */ = {
			isa = PBXVariantGroup;
			children = (
				49B714A618CCF414001051F4 /* en */,
			);
			name = InfoPlist.strings;
			sourceTree = "<group>";
		};
/* End PBXVariantGroup section */

/* Begin XCBuildConfiguration section */
		49B714AA18CCF414001051F4 /* Debug */ = {
			isa = XCBuildConfiguration;
			buildSettings = {
				ALWAYS_SEARCH_USER_PATHS = NO;
				ARCHS = "$(ARCHS_STANDARD_INCLUDING_64_BIT)";
				CLANG_CXX_LANGUAGE_STANDARD = "gnu++0x";
				CLANG_CXX_LIBRARY = "libc++";
				CLANG_ENABLE_MODULES = YES;
				CLANG_ENABLE_OBJC_ARC = YES;
				CLANG_WARN_BOOL_CONVERSION = YES;
				CLANG_WARN_CONSTANT_CONVERSION = YES;
				CLANG_WARN_DIRECT_OBJC_ISA_USAGE = YES_ERROR;
				CLANG_WARN_EMPTY_BODY = YES;
				CLANG_WARN_ENUM_CONVERSION = YES;
				CLANG_WARN_INT_CONVERSION = YES;
				CLANG_WARN_OBJC_ROOT_CLASS = YES_ERROR;
				CLANG_WARN__DUPLICATE_METHOD_MATCH = YES;
				"CODE_SIGN_IDENTITY[sdk=iphoneos*]" = "iPhone Developer";
				COPY_PHASE_STRIP = NO;
				GCC_C_LANGUAGE_STANDARD = gnu99;
				GCC_DYNAMIC_NO_PIC = NO;
				GCC_OPTIMIZATION_LEVEL = 0;
				GCC_PREPROCESSOR_DEFINITIONS = (
					"DEBUG=1",
					"$(inherited)",
				);
				GCC_SYMBOLS_PRIVATE_EXTERN = NO;
				GCC_WARN_64_TO_32_BIT_CONVERSION = YES;
				GCC_WARN_ABOUT_RETURN_TYPE = YES_ERROR;
				GCC_WARN_UNDECLARED_SELECTOR = YES;
				GCC_WARN_UNINITIALIZED_AUTOS = YES;
				GCC_WARN_UNUSED_FUNCTION = YES;
				GCC_WARN_UNUSED_VARIABLE = YES;
				IPHONEOS_DEPLOYMENT_TARGET = 7.0;
				ONLY_ACTIVE_ARCH = YES;
				SDKROOT = iphoneos;
				TARGETED_DEVICE_FAMILY = "1,2";
			};
			name = Debug;
		};
		49B714AB18CCF414001051F4 /* Release */ = {
			isa = XCBuildConfiguration;
			buildSettings = {
				ALWAYS_SEARCH_USER_PATHS = NO;
				ARCHS = "$(ARCHS_STANDARD_INCLUDING_64_BIT)";
				CLANG_CXX_LANGUAGE_STANDARD = "gnu++0x";
				CLANG_CXX_LIBRARY = "libc++";
				CLANG_ENABLE_MODULES = YES;
				CLANG_ENABLE_OBJC_ARC = YES;
				CLANG_WARN_BOOL_CONVERSION = YES;
				CLANG_WARN_CONSTANT_CONVERSION = YES;
				CLANG_WARN_DIRECT_OBJC_ISA_USAGE = YES_ERROR;
				CLANG_WARN_EMPTY_BODY = YES;
				CLANG_WARN_ENUM_CONVERSION = YES;
				CLANG_WARN_INT_CONVERSION = YES;
				CLANG_WARN_OBJC_ROOT_CLASS = YES_ERROR;
				CLANG_WARN__DUPLICATE_METHOD_MATCH = YES;
				"CODE_SIGN_IDENTITY[sdk=iphoneos*]" = "iPhone Developer";
				COPY_PHASE_STRIP = YES;
				ENABLE_NS_ASSERTIONS = NO;
				GCC_C_LANGUAGE_STANDARD = gnu99;
				GCC_WARN_64_TO_32_BIT_CONVERSION = YES;
				GCC_WARN_ABOUT_RETURN_TYPE = YES_ERROR;
				GCC_WARN_UNDECLARED_SELECTOR = YES;
				GCC_WARN_UNINITIALIZED_AUTOS = YES;
				GCC_WARN_UNUSED_FUNCTION = YES;
				GCC_WARN_UNUSED_VARIABLE = YES;
				IPHONEOS_DEPLOYMENT_TARGET = 7.0;
				SDKROOT = iphoneos;
				TARGETED_DEVICE_FAMILY = "1,2";
				VALIDATE_PRODUCT = YES;
			};
			name = Release;
		};
		49B714AD18CCF414001051F4 /* Debug */ = {
			isa = XCBuildConfiguration;
			buildSettings = {
				ASSETCATALOG_COMPILER_APPICON_NAME = AppIcon;
				ASSETCATALOG_COMPILER_LAUNCHIMAGE_NAME = LaunchImage;
				GCC_PRECOMPILE_PREFIX_HEADER = YES;
				GCC_PREFIX_HEADER = "MoveSonicOverTheScreen/MoveSonicRotating-Prefix.pch";
				INFOPLIST_FILE = "MoveSonicOverTheScreen/MoveSonicRotating-Info.plist";
				PRODUCT_NAME = MoveSonicRotating;
				SPRITEKIT_TEXTURE_ATLAS_OUTPUT = YES;
				WRAPPER_EXTENSION = app;
			};
			name = Debug;
		};
		49B714AE18CCF414001051F4 /* Release */ = {
			isa = XCBuildConfiguration;
			buildSettings = {
				ASSETCATALOG_COMPILER_APPICON_NAME = AppIcon;
				ASSETCATALOG_COMPILER_LAUNCHIMAGE_NAME = LaunchImage;
				GCC_PRECOMPILE_PREFIX_HEADER = YES;
				GCC_PREFIX_HEADER = "MoveSonicOverTheScreen/MoveSonicRotating-Prefix.pch";
				INFOPLIST_FILE = "MoveSonicOverTheScreen/MoveSonicRotating-Info.plist";
				PRODUCT_NAME = MoveSonicRotating;
				SPRITEKIT_TEXTURE_ATLAS_OUTPUT = YES;
				WRAPPER_EXTENSION = app;
			};
			name = Release;
		};
		49B714B018CCF414001051F4 /* Debug */ = {
			isa = XCBuildConfiguration;
			buildSettings = {
				ARCHS = "$(ARCHS_STANDARD_INCLUDING_64_BIT)";
				BUNDLE_LOADER = "$(BUILT_PRODUCTS_DIR)/MoveSonicOverTheScreen.app/MoveSonicOverTheScreen";
				FRAMEWORK_SEARCH_PATHS = (
					"$(SDKROOT)/Developer/Library/Frameworks",
					"$(inherited)",
					"$(DEVELOPER_FRAMEWORKS_DIR)",
				);
				GCC_PRECOMPILE_PREFIX_HEADER = YES;
				GCC_PREFIX_HEADER = "MoveSonicOverTheScreen/MoveSonicOverTheScreen-Prefix.pch";
				GCC_PREPROCESSOR_DEFINITIONS = (
					"DEBUG=1",
					"$(inherited)",
				);
				INFOPLIST_FILE = "MoveSonicOverTheScreenTests/MoveSonicRotatingTests-Info.plist";
				PRODUCT_NAME = MoveSonicRotatingTests;
				TEST_HOST = "$(BUNDLE_LOADER)";
				WRAPPER_EXTENSION = xctest;
			};
			name = Debug;
		};
		49B714B118CCF414001051F4 /* Release */ = {
			isa = XCBuildConfiguration;
			buildSettings = {
				ARCHS = "$(ARCHS_STANDARD_INCLUDING_64_BIT)";
				BUNDLE_LOADER = "$(BUILT_PRODUCTS_DIR)/MoveSonicOverTheScreen.app/MoveSonicOverTheScreen";
				FRAMEWORK_SEARCH_PATHS = (
					"$(SDKROOT)/Developer/Library/Frameworks",
					"$(inherited)",
					"$(DEVELOPER_FRAMEWORKS_DIR)",
				);
				GCC_PRECOMPILE_PREFIX_HEADER = YES;
				GCC_PREFIX_HEADER = "MoveSonicOverTheScreen/MoveSonicOverTheScreen-Prefix.pch";
				INFOPLIST_FILE = "MoveSonicOverTheScreenTests/MoveSonicRotatingTests-Info.plist";
				PRODUCT_NAME = MoveSonicRotatingTests;
				TEST_HOST = "$(BUNDLE_LOADER)";
				WRAPPER_EXTENSION = xctest;
			};
			name = Release;
		};
/* End XCBuildConfiguration section */

/* Begin XCConfigurationList section */
		49B7146B18CCF414001051F4 /* Build configuration list for PBXProject "MoveSonicRotating" */ = {
			isa = XCConfigurationList;
			buildConfigurations = (
				49B714AA18CCF414001051F4 /* Debug */,
				49B714AB18CCF414001051F4 /* Release */,
			);
			defaultConfigurationIsVisible = 0;
			defaultConfigurationName = Release;
		};
		49B714AC18CCF414001051F4 /* Build configuration list for PBXNativeTarget "MoveSonicRotating" */ = {
			isa = XCConfigurationList;
			buildConfigurations = (
				49B714AD18CCF414001051F4 /* Debug */,
				49B714AE18CCF414001051F4 /* Release */,
			);
			defaultConfigurationIsVisible = 0;
		};
		49B714AF18CCF414001051F4 /* Build configuration list for PBXNativeTarget "MoveSonicRotatingTests" */ = {
			isa = XCConfigurationList;
			buildConfigurations = (
				49B714B018CCF414001051F4 /* Debug */,
				49B714B118CCF414001051F4 /* Release */,
			);
			defaultConfigurationIsVisible = 0;
		};
/* End XCConfigurationList section */
	};
	rootObject = 49B7146818CCF414001051F4 /* Project object */;
}
